
Microsoft Visual Studio Solution File, Format Version 12.00
# Visual Studio Version 17
VisualStudioVersion = 17.8.34330.188
MinimumVisualStudioVersion = 10.0.40219.1
Project("{9A19103F-16F7-4668-BE54-9A1E7A4F7556}") = "Back2Britain", "Back2Britain\Back2Britain.csproj", "{0082A7FD-9CF6-4098-B08A-8263273FC304}"
EndProject
Global
	GlobalSection(SolutionConfigurationPlatforms) = preSolution
		Debug|Any CPU = Debug|Any CPU
		Release|Any CPU = Release|Any CPU
	EndGlobalSection
	GlobalSection(ProjectConfigurationPlatforms) = postSolution
		{0082A7FD-9CF6-4098-B08A-8263273FC304}.Debug|Any CPU.ActiveCfg = Debug|Any CPU
		{0082A7FD-9CF6-4098-B08A-8263273FC304}.Debug|Any CPU.Build.0 = Debug|Any CPU
		{0082A7FD-9CF6-4098-B08A-8263273FC304}.Release|Any CPU.ActiveCfg = Release|Any CPU
		{0082A7FD-9CF6-4098-B08A-8263273FC304}.Release|Any CPU.Build.0 = Release|Any CPU
	EndGlobalSection
	GlobalSection(SolutionProperties) = preSolution
		HideSolutionNode = FALSE
	EndGlobalSection
	GlobalSection(ExtensibilityGlobals) = postSolution
		SolutionGuid = {ABAAF966-2F15-4FCC-A2AC-E76AE3EC7238}
	EndGlobalSection
EndGlobal
